{
  "requires": true,
  "lockfileVersion": 1,
  "dependencies": {
    "dlib-build": {
      "version": "0.0.6",
      "resolved": "https://registry.npmjs.org/dlib-build/-/dlib-build-0.0.6.tgz",
      "integrity": "sha512-JeCSnWiPJhl7lUSJ140jkl0PK29CT238HZSbj4mdVNDFkIPuUp33L68rWa9n/leMBbYT5Ay+lP6vJ7Sxk5vNuA=="
    },
    "face-recognition": {
      "version": "0.2.0",
      "resolved": "https://registry.npmjs.org/face-recognition/-/face-recognition-0.2.0.tgz",
      "integrity": "sha512-/ogHQ9FXbcbFz1FAectSIJ+w8lnL6/4nK3Gvq/vlL+ON1eOG4VBN+dkijJJQJ7d162Nc6UTA01MBRZICxQZpAA==",
      "requires": {
        "dlib-build": "0.0.6",
        "face-recognition-models": "0.0.0",
        "nan": "2.8.0"
      }
    },
    "face-recognition-models": {
      "version": "0.0.0",
      "resolved": "https://registry.npmjs.org/face-recognition-models/-/face-recognition-models-0.0.0.tgz",
      "integrity": "sha512-h3teFmhFxGvbDZ4fXWcgsUFTatvluwBWerlpzL3yqZG6y1heIIkg5CJxlXL5k4NPgLjvskdUOtuM0b8YYHztxg=="
    },
    "https": {
      "version": "1.0.0",
      "resolved": "https://registry.npmjs.org/https/-/https-1.0.0.tgz",
      "integrity": "sha1-PDfHrhqO65ZpBKKtHpdaGUt+06Q="
    },
    "nan": {
      "version": "2.8.0",
      "resolved": "https://registry.npmjs.org/nan/-/nan-2.8.0.tgz",
      "integrity": "sha1-7XFfP+neArV6XmJS2QqWZ14fCFo="
    }
  }
}
